
Microsoft Visual Studio Solution File, Format Version 12.00
# Visual Studio Version 16
VisualStudioVersion = 16.0.30907.101
MinimumVisualStudioVersion = 10.0.40219.1
Project("{6EC3EE1D-3C4E-46DD-8F32-0CC8E7565705}") = "EDI835Parser", "EDI835Parser\EDI835Parser.fsproj", "{85B522E7-ADD3-4170-92D9-A10094DE5643}"
EndProject
Project("{6EC3EE1D-3C4E-46DD-8F32-0CC8E7565705}") = "ParserLib", "ParserLib\ParserLib.fsproj", "{91FEABB0-C5DA-4EC4-B57C-D39E391361FF}"
EndProject
Project("{F2A71F9B-5D33-465A-A702-920D77279786}") = "EDI", "EDI\EDI.fsproj", "{570E6AD0-7077-4144-8428-D865C11F8D10}"
EndProject
Global
	GlobalSection(SolutionConfigurationPlatforms) = preSolution
		Debug|Any CPU = Debug|Any CPU
		Release|Any CPU = Release|Any CPU
	EndGlobalSection
	GlobalSection(ProjectConfigurationPlatforms) = postSolution
		{85B522E7-ADD3-4170-92D9-A10094DE5643}.Debug|Any CPU.ActiveCfg = Debug|Any CPU
		{85B522E7-ADD3-4170-92D9-A10094DE5643}.Debug|Any CPU.Build.0 = Debug|Any CPU
		{85B522E7-ADD3-4170-92D9-A10094DE5643}.Release|Any CPU.ActiveCfg = Release|Any CPU
		{85B522E7-ADD3-4170-92D9-A10094DE5643}.Release|Any CPU.Build.0 = Release|Any CPU
		{91FEABB0-C5DA-4EC4-B57C-D39E391361FF}.Debug|Any CPU.ActiveCfg = Debug|Any CPU
		{91FEABB0-C5DA-4EC4-B57C-D39E391361FF}.Debug|Any CPU.Build.0 = Debug|Any CPU
		{91FEABB0-C5DA-4EC4-B57C-D39E391361FF}.Release|Any CPU.ActiveCfg = Release|Any CPU
		{91FEABB0-C5DA-4EC4-B57C-D39E391361FF}.Release|Any CPU.Build.0 = Release|Any CPU
		{570E6AD0-7077-4144-8428-D865C11F8D10}.Debug|Any CPU.ActiveCfg = Debug|Any CPU
		{570E6AD0-7077-4144-8428-D865C11F8D10}.Debug|Any CPU.Build.0 = Debug|Any CPU
		{570E6AD0-7077-4144-8428-D865C11F8D10}.Release|Any CPU.ActiveCfg = Release|Any CPU
		{570E6AD0-7077-4144-8428-D865C11F8D10}.Release|Any CPU.Build.0 = Release|Any CPU
	EndGlobalSection
	GlobalSection(SolutionProperties) = preSolution
		HideSolutionNode = FALSE
	EndGlobalSection
	GlobalSection(ExtensibilityGlobals) = postSolution
		SolutionGuid = {ABCCB3C9-4F10-4D73-91EE-B27B7D66CFB2}
	EndGlobalSection
EndGlobal
